// !$*UTF8*$!
{
	archiveVersion = 1;
	classes = {
	};
	objectVersion = 56;
	objects = {

/* Begin PBXBuildFile section */
		5F07BF0B2AE0F1C800C471B4 /* UIScrollView+Ext.swift in Sources */ = {isa = PBXBuildFile; fileRef = 5F07BF0A2AE0F1C800C471B4 /* UIScrollView+Ext.swift */; };
		5F07BF0D2AE11B7A00C471B4 /* UIStackView+Ext.swift in Sources */ = {isa = PBXBuildFile; fileRef = 5F07BF0C2AE11B7A00C471B4 /* UIStackView+Ext.swift */; };
		5F2F5AE52AE9482400F117FC /* SettingTableViewCell.swift in Sources */ = {isa = PBXBuildFile; fileRef = 5F2F5AE42AE9482400F117FC /* SettingTableViewCell.swift */; };
		5F2F5AE72AE99A0600F117FC /* UITextField+Ext.swift in Sources */ = {isa = PBXBuildFile; fileRef = 5F2F5AE62AE99A0600F117FC /* UITextField+Ext.swift */; };
		5F39E0382AE175DA00E5623C /* ImageCollectionViewCell.swift in Sources */ = {isa = PBXBuildFile; fileRef = 5F39E0372AE175DA00E5623C /* ImageCollectionViewCell.swift */; };
		5F4B667C2ADA3452004FE62E /* AppDelegate.swift in Sources */ = {isa = PBXBuildFile; fileRef = 5F4B667B2ADA3452004FE62E /* AppDelegate.swift */; };
		5F4B667E2ADA3452004FE62E /* SceneDelegate.swift in Sources */ = {isa = PBXBuildFile; fileRef = 5F4B667D2ADA3452004FE62E /* SceneDelegate.swift */; };
		5F4B66802ADA3452004FE62E /* TabBarController.swift in Sources */ = {isa = PBXBuildFile; fileRef = 5F4B667F2ADA3452004FE62E /* TabBarController.swift */; };
		5F4B66852ADA3455004FE62E /* Assets.xcassets in Resources */ = {isa = PBXBuildFile; fileRef = 5F4B66842ADA3455004FE62E /* Assets.xcassets */; };
		5F4B66882ADA3455004FE62E /* LaunchScreen.storyboard in Resources */ = {isa = PBXBuildFile; fileRef = 5F4B66862ADA3455004FE62E /* LaunchScreen.storyboard */; };
		5F572CF92ADCDF660030EC7B /* EasyWritingScreenController.swift in Sources */ = {isa = PBXBuildFile; fileRef = 5F572CF82ADCDF660030EC7B /* EasyWritingScreenController.swift */; };
		5F6CBA312AE02A1E00960F7B /* ImageCollectionView.swift in Sources */ = {isa = PBXBuildFile; fileRef = 5F6CBA302AE02A1E00960F7B /* ImageCollectionView.swift */; };
		5F6EECDD2ADA3F490046E686 /* RecodeController.swift in Sources */ = {isa = PBXBuildFile; fileRef = 5F6EECDC2ADA3F490046E686 /* RecodeController.swift */; };
		5F6EECDF2ADA40170046E686 /* DetailWritingScreenController.swift in Sources */ = {isa = PBXBuildFile; fileRef = 5F6EECDE2ADA40170046E686 /* DetailWritingScreenController.swift */; };
		5F6EECE12ADA40200046E686 /* SettingController.swift in Sources */ = {isa = PBXBuildFile; fileRef = 5F6EECE02ADA40200046E686 /* SettingController.swift */; };
		5F6EECE32ADA40E20046E686 /* DiaryListController.swift in Sources */ = {isa = PBXBuildFile; fileRef = 5F6EECE22ADA40E20046E686 /* DiaryListController.swift */; };
		5F6EECE52ADA412D0046E686 /* LoginController.swift in Sources */ = {isa = PBXBuildFile; fileRef = 5F6EECE42ADA412D0046E686 /* LoginController.swift */; };
		5F6EECE72ADA41380046E686 /* SignUpController.swift in Sources */ = {isa = PBXBuildFile; fileRef = 5F6EECE62ADA41380046E686 /* SignUpController.swift */; };
		5F6EECE92ADA418F0046E686 /* SelectALoginMethodController.swift in Sources */ = {isa = PBXBuildFile; fileRef = 5F6EECE82ADA418F0046E686 /* SelectALoginMethodController.swift */; };
		5F6EECEB2ADA6D700046E686 /* APIService.swift in Sources */ = {isa = PBXBuildFile; fileRef = 5F6EECEA2ADA6D700046E686 /* APIService.swift */; };
		5F6EECED2ADA6F290046E686 /* GoogleService-Info.plist in Resources */ = {isa = PBXBuildFile; fileRef = 5F6EECEC2ADA6F290046E686 /* GoogleService-Info.plist */; };
		5F6EECF02ADA70470046E686 /* FirebaseAuth in Frameworks */ = {isa = PBXBuildFile; productRef = 5F6EECEF2ADA70470046E686 /* FirebaseAuth */; };
		5F6EECF22ADA70470046E686 /* FirebaseDatabase in Frameworks */ = {isa = PBXBuildFile; productRef = 5F6EECF12ADA70470046E686 /* FirebaseDatabase */; };
		5F6EECF42ADA70470046E686 /* FirebaseFirestore in Frameworks */ = {isa = PBXBuildFile; productRef = 5F6EECF32ADA70470046E686 /* FirebaseFirestore */; };
		5F6EECF62ADA70470046E686 /* FirebaseStorage in Frameworks */ = {isa = PBXBuildFile; productRef = 5F6EECF52ADA70470046E686 /* FirebaseStorage */; };
		5F785B822ADEA7AF00955C4A /* Enum.swift in Sources */ = {isa = PBXBuildFile; fileRef = 5F785B812ADEA7AF00955C4A /* Enum.swift */; };
		5F785B842ADEA7E000955C4A /* UIView+Ext.swift in Sources */ = {isa = PBXBuildFile; fileRef = 5F785B832ADEA7DF00955C4A /* UIView+Ext.swift */; };
		5F785B862ADEA7F200955C4A /* UITextView+Ext.swift in Sources */ = {isa = PBXBuildFile; fileRef = 5F785B852ADEA7F200955C4A /* UITextView+Ext.swift */; };
		5F785B882ADEA80300955C4A /* UIButton+Ext.swift in Sources */ = {isa = PBXBuildFile; fileRef = 5F785B872ADEA80300955C4A /* UIButton+Ext.swift */; };
		5F785B8A2ADEA81100955C4A /* UILabel+Ext.swift in Sources */ = {isa = PBXBuildFile; fileRef = 5F785B892ADEA81100955C4A /* UILabel+Ext.swift */; };
		5F785B8C2ADEA84A00955C4A /* Protocol.swift in Sources */ = {isa = PBXBuildFile; fileRef = 5F785B8B2ADEA84A00955C4A /* Protocol.swift */; };
		5F785B8E2ADEA8AB00955C4A /* InputAccessoryCustomView.swift in Sources */ = {isa = PBXBuildFile; fileRef = 5F785B8D2ADEA8AB00955C4A /* InputAccessoryCustomView.swift */; };
		5F785B902ADED33A00955C4A /* DateView.swift in Sources */ = {isa = PBXBuildFile; fileRef = 5F785B8F2ADED33A00955C4A /* DateView.swift */; };
		5F7A02772ADAC8F100128DC4 /* ViewController+Ext.swift in Sources */ = {isa = PBXBuildFile; fileRef = 5F7A02762ADAC8F100128DC4 /* ViewController+Ext.swift */; };
		5F7A027A2ADAD00A00128DC4 /* SnapKit in Frameworks */ = {isa = PBXBuildFile; productRef = 5F7A02792ADAD00A00128DC4 /* SnapKit */; };
		5F7A027D2ADAD02B00128DC4 /* FSCalendar in Frameworks */ = {isa = PBXBuildFile; productRef = 5F7A027C2ADAD02B00128DC4 /* FSCalendar */; };
		5F7A02802ADAD04700128DC4 /* PanModal in Frameworks */ = {isa = PBXBuildFile; productRef = 5F7A027F2ADAD04700128DC4 /* PanModal */; };
		5F7A02832ADAD06D00128DC4 /* BSImagePicker in Frameworks */ = {isa = PBXBuildFile; productRef = 5F7A02822ADAD06D00128DC4 /* BSImagePicker */; };
		5F7A02852ADAD3D700128DC4 /* Color+Ext.swift in Sources */ = {isa = PBXBuildFile; fileRef = 5F7A02842ADAD3D700128DC4 /* Color+Ext.swift */; };
		5F8A0EA52AE6B1AC00C7AF2C /* RecodeCheckController.swift in Sources */ = {isa = PBXBuildFile; fileRef = 5F8A0EA42AE6B1AC00C7AF2C /* RecodeCheckController.swift */; };
		5FAA76402ADBA8220024B810 /* RecodeTableViewCell.swift in Sources */ = {isa = PBXBuildFile; fileRef = 5FAA763F2ADBA8220024B810 /* RecodeTableViewCell.swift */; };
		5FAA76422ADC13340024B810 /* RecodeTableView.swift in Sources */ = {isa = PBXBuildFile; fileRef = 5FAA76412ADC13340024B810 /* RecodeTableView.swift */; };
		5FAF543D2ADA907100BD849C /* Constants.swift in Sources */ = {isa = PBXBuildFile; fileRef = 5FAF543C2ADA907100BD849C /* Constants.swift */; };
		5FCA1F372AE5700D00A9DB5B /* CalendarView.swift in Sources */ = {isa = PBXBuildFile; fileRef = 5FCA1F362AE5700D00A9DB5B /* CalendarView.swift */; };
		5FD436922AE2DB9B00CA79AD /* UIImage+Ext.swift in Sources */ = {isa = PBXBuildFile; fileRef = 5FD436912AE2DB9B00CA79AD /* UIImage+Ext.swift */; };
/* End PBXBuildFile section */

/* Begin PBXFileReference section */
		5F07BF0A2AE0F1C800C471B4 /* UIScrollView+Ext.swift */ = {isa = PBXFileReference; lastKnownFileType = sourcecode.swift; path = "UIScrollView+Ext.swift"; sourceTree = "<group>"; };
		5F07BF0C2AE11B7A00C471B4 /* UIStackView+Ext.swift */ = {isa = PBXFileReference; lastKnownFileType = sourcecode.swift; path = "UIStackView+Ext.swift"; sourceTree = "<group>"; };
		5F2F5AE42AE9482400F117FC /* SettingTableViewCell.swift */ = {isa = PBXFileReference; lastKnownFileType = sourcecode.swift; path = SettingTableViewCell.swift; sourceTree = "<group>"; };
		5F2F5AE62AE99A0600F117FC /* UITextField+Ext.swift */ = {isa = PBXFileReference; lastKnownFileType = sourcecode.swift; path = "UITextField+Ext.swift"; sourceTree = "<group>"; };
		5F39E0372AE175DA00E5623C /* ImageCollectionViewCell.swift */ = {isa = PBXFileReference; lastKnownFileType = sourcecode.swift; path = ImageCollectionViewCell.swift; sourceTree = "<group>"; };
		5F4B66782ADA3452004FE62E /* TodayRecode.app */ = {isa = PBXFileReference; explicitFileType = wrapper.application; includeInIndex = 0; path = TodayRecode.app; sourceTree = BUILT_PRODUCTS_DIR; };
		5F4B667B2ADA3452004FE62E /* AppDelegate.swift */ = {isa = PBXFileReference; lastKnownFileType = sourcecode.swift; path = AppDelegate.swift; sourceTree = "<group>"; };
		5F4B667D2ADA3452004FE62E /* SceneDelegate.swift */ = {isa = PBXFileReference; lastKnownFileType = sourcecode.swift; path = SceneDelegate.swift; sourceTree = "<group>"; };
		5F4B667F2ADA3452004FE62E /* TabBarController.swift */ = {isa = PBXFileReference; lastKnownFileType = sourcecode.swift; path = TabBarController.swift; sourceTree = "<group>"; };
		5F4B66842ADA3455004FE62E /* Assets.xcassets */ = {isa = PBXFileReference; lastKnownFileType = folder.assetcatalog; path = Assets.xcassets; sourceTree = "<group>"; };
		5F4B66872ADA3455004FE62E /* Base */ = {isa = PBXFileReference; lastKnownFileType = file.storyboard; name = Base; path = Base.lproj/LaunchScreen.storyboard; sourceTree = "<group>"; };
		5F4B66892ADA3455004FE62E /* Info.plist */ = {isa = PBXFileReference; lastKnownFileType = text.plist.xml; path = Info.plist; sourceTree = "<group>"; };
		5F572CF82ADCDF660030EC7B /* EasyWritingScreenController.swift */ = {isa = PBXFileReference; lastKnownFileType = sourcecode.swift; path = EasyWritingScreenController.swift; sourceTree = "<group>"; };
		5F6CBA302AE02A1E00960F7B /* ImageCollectionView.swift */ = {isa = PBXFileReference; lastKnownFileType = sourcecode.swift; path = ImageCollectionView.swift; sourceTree = "<group>"; };
		5F6EECDC2ADA3F490046E686 /* RecodeController.swift */ = {isa = PBXFileReference; lastKnownFileType = sourcecode.swift; path = RecodeController.swift; sourceTree = "<group>"; };
		5F6EECDE2ADA40170046E686 /* DetailWritingScreenController.swift */ = {isa = PBXFileReference; lastKnownFileType = sourcecode.swift; path = DetailWritingScreenController.swift; sourceTree = "<group>"; };
		5F6EECE02ADA40200046E686 /* SettingController.swift */ = {isa = PBXFileReference; lastKnownFileType = sourcecode.swift; path = SettingController.swift; sourceTree = "<group>"; };
		5F6EECE22ADA40E20046E686 /* DiaryListController.swift */ = {isa = PBXFileReference; lastKnownFileType = sourcecode.swift; path = DiaryListController.swift; sourceTree = "<group>"; };
		5F6EECE42ADA412D0046E686 /* LoginController.swift */ = {isa = PBXFileReference; lastKnownFileType = sourcecode.swift; path = LoginController.swift; sourceTree = "<group>"; };
		5F6EECE62ADA41380046E686 /* SignUpController.swift */ = {isa = PBXFileReference; lastKnownFileType = sourcecode.swift; path = SignUpController.swift; sourceTree = "<group>"; };
		5F6EECE82ADA418F0046E686 /* SelectALoginMethodController.swift */ = {isa = PBXFileReference; lastKnownFileType = sourcecode.swift; path = SelectALoginMethodController.swift; sourceTree = "<group>"; };
		5F6EECEA2ADA6D700046E686 /* APIService.swift */ = {isa = PBXFileReference; lastKnownFileType = sourcecode.swift; path = APIService.swift; sourceTree = "<group>"; };
		5F6EECEC2ADA6F290046E686 /* GoogleService-Info.plist */ = {isa = PBXFileReference; fileEncoding = 4; lastKnownFileType = text.plist.xml; path = "GoogleService-Info.plist"; sourceTree = "<group>"; };
		5F785B812ADEA7AF00955C4A /* Enum.swift */ = {isa = PBXFileReference; lastKnownFileType = sourcecode.swift; path = Enum.swift; sourceTree = "<group>"; };
		5F785B832ADEA7DF00955C4A /* UIView+Ext.swift */ = {isa = PBXFileReference; lastKnownFileType = sourcecode.swift; path = "UIView+Ext.swift"; sourceTree = "<group>"; };
		5F785B852ADEA7F200955C4A /* UITextView+Ext.swift */ = {isa = PBXFileReference; lastKnownFileType = sourcecode.swift; path = "UITextView+Ext.swift"; sourceTree = "<group>"; };
		5F785B872ADEA80300955C4A /* UIButton+Ext.swift */ = {isa = PBXFileReference; lastKnownFileType = sourcecode.swift; path = "UIButton+Ext.swift"; sourceTree = "<group>"; };
		5F785B892ADEA81100955C4A /* UILabel+Ext.swift */ = {isa = PBXFileReference; lastKnownFileType = sourcecode.swift; path = "UILabel+Ext.swift"; sourceTree = "<group>"; };
		5F785B8B2ADEA84A00955C4A /* Protocol.swift */ = {isa = PBXFileReference; lastKnownFileType = sourcecode.swift; path = Protocol.swift; sourceTree = "<group>"; };
		5F785B8D2ADEA8AB00955C4A /* InputAccessoryCustomView.swift */ = {isa = PBXFileReference; lastKnownFileType = sourcecode.swift; path = InputAccessoryCustomView.swift; sourceTree = "<group>"; };
		5F785B8F2ADED33A00955C4A /* DateView.swift */ = {isa = PBXFileReference; lastKnownFileType = sourcecode.swift; path = DateView.swift; sourceTree = "<group>"; };
		5F7A02762ADAC8F100128DC4 /* ViewController+Ext.swift */ = {isa = PBXFileReference; lastKnownFileType = sourcecode.swift; path = "ViewController+Ext.swift"; sourceTree = "<group>"; };
		5F7A02842ADAD3D700128DC4 /* Color+Ext.swift */ = {isa = PBXFileReference; lastKnownFileType = sourcecode.swift; path = "Color+Ext.swift"; sourceTree = "<group>"; };
		5F8A0EA42AE6B1AC00C7AF2C /* RecodeCheckController.swift */ = {isa = PBXFileReference; lastKnownFileType = sourcecode.swift; path = RecodeCheckController.swift; sourceTree = "<group>"; };
		5FAA763F2ADBA8220024B810 /* RecodeTableViewCell.swift */ = {isa = PBXFileReference; lastKnownFileType = sourcecode.swift; path = RecodeTableViewCell.swift; sourceTree = "<group>"; };
		5FAA76412ADC13340024B810 /* RecodeTableView.swift */ = {isa = PBXFileReference; lastKnownFileType = sourcecode.swift; path = RecodeTableView.swift; sourceTree = "<group>"; };
		5FAF543C2ADA907100BD849C /* Constants.swift */ = {isa = PBXFileReference; lastKnownFileType = sourcecode.swift; path = Constants.swift; sourceTree = "<group>"; };
		5FCA1F362AE5700D00A9DB5B /* CalendarView.swift */ = {isa = PBXFileReference; lastKnownFileType = sourcecode.swift; path = CalendarView.swift; sourceTree = "<group>"; };
		5FD436912AE2DB9B00CA79AD /* UIImage+Ext.swift */ = {isa = PBXFileReference; lastKnownFileType = sourcecode.swift; path = "UIImage+Ext.swift"; sourceTree = "<group>"; };
/* End PBXFileReference section */

/* Begin PBXFrameworksBuildPhase section */
		5F4B66752ADA3452004FE62E /* Frameworks */ = {
			isa = PBXFrameworksBuildPhase;
			buildActionMask = 2147483647;
			files = (
				5F6EECF22ADA70470046E686 /* FirebaseDatabase in Frameworks */,
				5F7A027D2ADAD02B00128DC4 /* FSCalendar in Frameworks */,
				5F6EECF62ADA70470046E686 /* FirebaseStorage in Frameworks */,
				5F7A02832ADAD06D00128DC4 /* BSImagePicker in Frameworks */,
				5F6EECF02ADA70470046E686 /* FirebaseAuth in Frameworks */,
				5F6EECF42ADA70470046E686 /* FirebaseFirestore in Frameworks */,
				5F7A027A2ADAD00A00128DC4 /* SnapKit in Frameworks */,
				5F7A02802ADAD04700128DC4 /* PanModal in Frameworks */,
			);
			runOnlyForDeploymentPostprocessing = 0;
		};
/* End PBXFrameworksBuildPhase section */

/* Begin PBXGroup section */
		5F4B666F2ADA3452004FE62E = {
			isa = PBXGroup;
			children = (
				5F4B667A2ADA3452004FE62E /* TodayRecode */,
				5F4B66792ADA3452004FE62E /* Products */,
			);
			sourceTree = "<group>";
		};
		5F4B66792ADA3452004FE62E /* Products */ = {
			isa = PBXGroup;
			children = (
				5F4B66782ADA3452004FE62E /* TodayRecode.app */,
			);
			name = Products;
			sourceTree = "<group>";
		};
		5F4B667A2ADA3452004FE62E /* TodayRecode */ = {
			isa = PBXGroup;
			children = (
				5F4B667B2ADA3452004FE62E /* AppDelegate.swift */,
				5F4B667D2ADA3452004FE62E /* SceneDelegate.swift */,
				5F6EECD72ADA3E240046E686 /* Utils */,
				5F6EECDB2ADA3E670046E686 /* API */,
				5F6EECD82ADA3E2F0046E686 /* Model */,
				5F6EECD92ADA3E330046E686 /* View */,
				5F6EECDA2ADA3E360046E686 /* Controller */,
				5F4B66842ADA3455004FE62E /* Assets.xcassets */,
				5F4B66862ADA3455004FE62E /* LaunchScreen.storyboard */,
				5F4B66892ADA3455004FE62E /* Info.plist */,
				5F6EECEC2ADA6F290046E686 /* GoogleService-Info.plist */,
			);
			path = TodayRecode;
			sourceTree = "<group>";
		};
		5F6EECD72ADA3E240046E686 /* Utils */ = {
			isa = PBXGroup;
			children = (
				5F785B8B2ADEA84A00955C4A /* Protocol.swift */,
				5F785B812ADEA7AF00955C4A /* Enum.swift */,
				5FAF543C2ADA907100BD849C /* Constants.swift */,
				5F7A02752ADAC8C200128DC4 /* Extenstion */,
			);
			path = Utils;
			sourceTree = "<group>";
		};
		5F6EECD82ADA3E2F0046E686 /* Model */ = {
			isa = PBXGroup;
			children = (
			);
			path = Model;
			sourceTree = "<group>";
		};
		5F6EECD92ADA3E330046E686 /* View */ = {
			isa = PBXGroup;
			children = (
				5FAA763F2ADBA8220024B810 /* RecodeTableViewCell.swift */,
				5F2F5AE42AE9482400F117FC /* SettingTableViewCell.swift */,
				5F39E0372AE175DA00E5623C /* ImageCollectionViewCell.swift */,
				5FE7C69E2ADEDDBE00BF9785 /* ReuseView */,
			);
			path = View;
			sourceTree = "<group>";
		};
		5F6EECDA2ADA3E360046E686 /* Controller */ = {
			isa = PBXGroup;
			children = (
				5F8A0EA42AE6B1AC00C7AF2C /* RecodeCheckController.swift */,
				5FE7C6A02ADEDDFC00BF9785 /* TabBar */,
				5FE7C6A12ADEDE0700BF9785 /* WritingView */,
				5FE7C69F2ADEDDDA00BF9785 /* Auth */,
			);
			path = Controller;
			sourceTree = "<group>";
		};
		5F6EECDB2ADA3E670046E686 /* API */ = {
			isa = PBXGroup;
			children = (
				5F6EECEA2ADA6D700046E686 /* APIService.swift */,
			);
			path = API;
			sourceTree = "<group>";
		};
		5F7A02752ADAC8C200128DC4 /* Extenstion */ = {
			isa = PBXGroup;
			children = (
				5F7A02762ADAC8F100128DC4 /* ViewController+Ext.swift */,
				5F785B832ADEA7DF00955C4A /* UIView+Ext.swift */,
				5F785B852ADEA7F200955C4A /* UITextView+Ext.swift */,
				5F2F5AE62AE99A0600F117FC /* UITextField+Ext.swift */,
				5F785B872ADEA80300955C4A /* UIButton+Ext.swift */,
				5F785B892ADEA81100955C4A /* UILabel+Ext.swift */,
				5F07BF0A2AE0F1C800C471B4 /* UIScrollView+Ext.swift */,
				5F07BF0C2AE11B7A00C471B4 /* UIStackView+Ext.swift */,
				5FD436912AE2DB9B00CA79AD /* UIImage+Ext.swift */,
				5F7A02842ADAD3D700128DC4 /* Color+Ext.swift */,
			);
			path = Extenstion;
			sourceTree = "<group>";
		};
		5FE7C69E2ADEDDBE00BF9785 /* ReuseView */ = {
			isa = PBXGroup;
			children = (
				5F785B8D2ADEA8AB00955C4A /* InputAccessoryCustomView.swift */,
				5F785B8F2ADED33A00955C4A /* DateView.swift */,
				5F6CBA302AE02A1E00960F7B /* ImageCollectionView.swift */,
				5FCA1F362AE5700D00A9DB5B /* CalendarView.swift */,
				5FAA76412ADC13340024B810 /* RecodeTableView.swift */,
			);
			path = ReuseView;
			sourceTree = "<group>";
		};
		5FE7C69F2ADEDDDA00BF9785 /* Auth */ = {
			isa = PBXGroup;
			children = (
				5F6EECE82ADA418F0046E686 /* SelectALoginMethodController.swift */,
				5F6EECE42ADA412D0046E686 /* LoginController.swift */,
				5F6EECE62ADA41380046E686 /* SignUpController.swift */,
			);
			path = Auth;
			sourceTree = "<group>";
		};
		5FE7C6A02ADEDDFC00BF9785 /* TabBar */ = {
			isa = PBXGroup;
			children = (
				5F4B667F2ADA3452004FE62E /* TabBarController.swift */,
				5F6EECDC2ADA3F490046E686 /* RecodeController.swift */,
				5F6EECE22ADA40E20046E686 /* DiaryListController.swift */,
				5F6EECE02ADA40200046E686 /* SettingController.swift */,
			);
			path = TabBar;
			sourceTree = "<group>";
		};
		5FE7C6A12ADEDE0700BF9785 /* WritingView */ = {
			isa = PBXGroup;
			children = (
				5F572CF82ADCDF660030EC7B /* EasyWritingScreenController.swift */,
				5F6EECDE2ADA40170046E686 /* DetailWritingScreenController.swift */,
			);
			path = WritingView;
			sourceTree = "<group>";
		};
/* End PBXGroup section */

/* Begin PBXNativeTarget section */
		5F4B66772ADA3452004FE62E /* TodayRecode */ = {
			isa = PBXNativeTarget;
			buildConfigurationList = 5F4B668C2ADA3455004FE62E /* Build configuration list for PBXNativeTarget "TodayRecode" */;
			buildPhases = (
				5F4B66742ADA3452004FE62E /* Sources */,
				5F4B66752ADA3452004FE62E /* Frameworks */,
				5F4B66762ADA3452004FE62E /* Resources */,
			);
			buildRules = (
			);
			dependencies = (
			);
			name = TodayRecode;
			packageProductDependencies = (
				5F6EECEF2ADA70470046E686 /* FirebaseAuth */,
				5F6EECF12ADA70470046E686 /* FirebaseDatabase */,
				5F6EECF32ADA70470046E686 /* FirebaseFirestore */,
				5F6EECF52ADA70470046E686 /* FirebaseStorage */,
				5F7A02792ADAD00A00128DC4 /* SnapKit */,
				5F7A027C2ADAD02B00128DC4 /* FSCalendar */,
				5F7A027F2ADAD04700128DC4 /* PanModal */,
				5F7A02822ADAD06D00128DC4 /* BSImagePicker */,
			);
			productName = TodayRecode;
			productReference = 5F4B66782ADA3452004FE62E /* TodayRecode.app */;
			productType = "com.apple.product-type.application";
		};
/* End PBXNativeTarget section */

/* Begin PBXProject section */
		5F4B66702ADA3452004FE62E /* Project object */ = {
			isa = PBXProject;
			attributes = {
				BuildIndependentTargetsInParallel = YES;
				LastSwiftUpdateCheck = 1430;
				LastUpgradeCheck = 1430;
				TargetAttributes = {
					5F4B66772ADA3452004FE62E = {
						CreatedOnToolsVersion = 14.3.1;
					};
				};
			};
			buildConfigurationList = 5F4B66732ADA3452004FE62E /* Build configuration list for PBXProject "TodayRecode" */;
			compatibilityVersion = "Xcode 14.0";
			developmentRegion = en;
			hasScannedForEncodings = 0;
			knownRegions = (
				en,
				Base,
			);
			mainGroup = 5F4B666F2ADA3452004FE62E;
			packageReferences = (
				5F6EECEE2ADA70470046E686 /* XCRemoteSwiftPackageReference "firebase-ios-sdk" */,
				5F7A02782ADAD00A00128DC4 /* XCRemoteSwiftPackageReference "SnapKit" */,
				5F7A027B2ADAD02B00128DC4 /* XCRemoteSwiftPackageReference "FSCalendar" */,
				5F7A027E2ADAD04700128DC4 /* XCRemoteSwiftPackageReference "PanModal" */,
				5F7A02812ADAD06D00128DC4 /* XCRemoteSwiftPackageReference "BSImagePicker" */,
			);
			productRefGroup = 5F4B66792ADA3452004FE62E /* Products */;
			projectDirPath = "";
			projectRoot = "";
			targets = (
				5F4B66772ADA3452004FE62E /* TodayRecode */,
			);
		};
/* End PBXProject section */

/* Begin PBXResourcesBuildPhase section */
		5F4B66762ADA3452004FE62E /* Resources */ = {
			isa = PBXResourcesBuildPhase;
			buildActionMask = 2147483647;
			files = (
				5F6EECED2ADA6F290046E686 /* GoogleService-Info.plist in Resources */,
				5F4B66882ADA3455004FE62E /* LaunchScreen.storyboard in Resources */,
				5F4B66852ADA3455004FE62E /* Assets.xcassets in Resources */,
			);
			runOnlyForDeploymentPostprocessing = 0;
		};
/* End PBXResourcesBuildPhase section */

/* Begin PBXSourcesBuildPhase section */
		5F4B66742ADA3452004FE62E /* Sources */ = {
			isa = PBXSourcesBuildPhase;
			buildActionMask = 2147483647;
			files = (
				5F2F5AE52AE9482400F117FC /* SettingTableViewCell.swift in Sources */,
				5F785B902ADED33A00955C4A /* DateView.swift in Sources */,
				5F07BF0B2AE0F1C800C471B4 /* UIScrollView+Ext.swift in Sources */,
				5FCA1F372AE5700D00A9DB5B /* CalendarView.swift in Sources */,
				5F7A02772ADAC8F100128DC4 /* ViewController+Ext.swift in Sources */,
				5F7A02852ADAD3D700128DC4 /* Color+Ext.swift in Sources */,
				5F785B882ADEA80300955C4A /* UIButton+Ext.swift in Sources */,
				5F6EECEB2ADA6D700046E686 /* APIService.swift in Sources */,
				5F572CF92ADCDF660030EC7B /* EasyWritingScreenController.swift in Sources */,
				5F6EECE92ADA418F0046E686 /* SelectALoginMethodController.swift in Sources */,
				5F785B8C2ADEA84A00955C4A /* Protocol.swift in Sources */,
				5F6EECE12ADA40200046E686 /* SettingController.swift in Sources */,
				5F07BF0D2AE11B7A00C471B4 /* UIStackView+Ext.swift in Sources */,
				5F2F5AE72AE99A0600F117FC /* UITextField+Ext.swift in Sources */,
				5F8A0EA52AE6B1AC00C7AF2C /* RecodeCheckController.swift in Sources */,
				5F785B842ADEA7E000955C4A /* UIView+Ext.swift in Sources */,
				5F6EECDF2ADA40170046E686 /* DetailWritingScreenController.swift in Sources */,
				5F6EECE72ADA41380046E686 /* SignUpController.swift in Sources */,
				5F785B862ADEA7F200955C4A /* UITextView+Ext.swift in Sources */,
				5F6EECE32ADA40E20046E686 /* DiaryListController.swift in Sources */,
				5F785B8A2ADEA81100955C4A /* UILabel+Ext.swift in Sources */,
				5F4B66802ADA3452004FE62E /* TabBarController.swift in Sources */,
				5F4B667C2ADA3452004FE62E /* AppDelegate.swift in Sources */,
				5F6EECE52ADA412D0046E686 /* LoginController.swift in Sources */,
				5F6CBA312AE02A1E00960F7B /* ImageCollectionView.swift in Sources */,
				5F4B667E2ADA3452004FE62E /* SceneDelegate.swift in Sources */,
				5FAA76402ADBA8220024B810 /* RecodeTableViewCell.swift in Sources */,
				5F39E0382AE175DA00E5623C /* ImageCollectionViewCell.swift in Sources */,
				5F785B8E2ADEA8AB00955C4A /* InputAccessoryCustomView.swift in Sources */,
				5F785B822ADEA7AF00955C4A /* Enum.swift in Sources */,
				5F6EECDD2ADA3F490046E686 /* RecodeController.swift in Sources */,
				5FD436922AE2DB9B00CA79AD /* UIImage+Ext.swift in Sources */,
				5FAA76422ADC13340024B810 /* RecodeTableView.swift in Sources */,
				5FAF543D2ADA907100BD849C /* Constants.swift in Sources */,
			);
			runOnlyForDeploymentPostprocessing = 0;
		};
/* End PBXSourcesBuildPhase section */

/* Begin PBXVariantGroup section */
		5F4B66862ADA3455004FE62E /* LaunchScreen.storyboard */ = {
			isa = PBXVariantGroup;
			children = (
				5F4B66872ADA3455004FE62E /* Base */,
			);
			name = LaunchScreen.storyboard;
			sourceTree = "<group>";
		};
/* End PBXVariantGroup section */

/* Begin XCBuildConfiguration section */
		5F4B668A2ADA3455004FE62E /* Debug */ = {
			isa = XCBuildConfiguration;
			buildSettings = {
				ALWAYS_SEARCH_USER_PATHS = NO;
				CLANG_ANALYZER_NONNULL = YES;
				CLANG_ANALYZER_NUMBER_OBJECT_CONVERSION = YES_AGGRESSIVE;
				CLANG_CXX_LANGUAGE_STANDARD = "gnu++20";
				CLANG_ENABLE_MODULES = YES;
				CLANG_ENABLE_OBJC_ARC = YES;
				CLANG_ENABLE_OBJC_WEAK = YES;
				CLANG_WARN_BLOCK_CAPTURE_AUTORELEASING = YES;
				CLANG_WARN_BOOL_CONVERSION = YES;
				CLANG_WARN_COMMA = YES;
				CLANG_WARN_CONSTANT_CONVERSION = YES;
				CLANG_WARN_DEPRECATED_OBJC_IMPLEMENTATIONS = YES;
				CLANG_WARN_DIRECT_OBJC_ISA_USAGE = YES_ERROR;
				CLANG_WARN_DOCUMENTATION_COMMENTS = YES;
				CLANG_WARN_EMPTY_BODY = YES;
				CLANG_WARN_ENUM_CONVERSION = YES;
				CLANG_WARN_INFINITE_RECURSION = YES;
				CLANG_WARN_INT_CONVERSION = YES;
				CLANG_WARN_NON_LITERAL_NULL_CONVERSION = YES;
				CLANG_WARN_OBJC_IMPLICIT_RETAIN_SELF = YES;
				CLANG_WARN_OBJC_LITERAL_CONVERSION = YES;
				CLANG_WARN_OBJC_ROOT_CLASS = YES_ERROR;
				CLANG_WARN_QUOTED_INCLUDE_IN_FRAMEWORK_HEADER = YES;
				CLANG_WARN_RANGE_LOOP_ANALYSIS = YES;
				CLANG_WARN_STRICT_PROTOTYPES = YES;
				CLANG_WARN_SUSPICIOUS_MOVE = YES;
				CLANG_WARN_UNGUARDED_AVAILABILITY = YES_AGGRESSIVE;
				CLANG_WARN_UNREACHABLE_CODE = YES;
				CLANG_WARN__DUPLICATE_METHOD_MATCH = YES;
				COPY_PHASE_STRIP = NO;
				DEBUG_INFORMATION_FORMAT = dwarf;
				ENABLE_STRICT_OBJC_MSGSEND = YES;
				ENABLE_TESTABILITY = YES;
				GCC_C_LANGUAGE_STANDARD = gnu11;
				GCC_DYNAMIC_NO_PIC = NO;
				GCC_NO_COMMON_BLOCKS = YES;
				GCC_OPTIMIZATION_LEVEL = 0;
				GCC_PREPROCESSOR_DEFINITIONS = (
					"DEBUG=1",
					"$(inherited)",
				);
				GCC_WARN_64_TO_32_BIT_CONVERSION = YES;
				GCC_WARN_ABOUT_RETURN_TYPE = YES_ERROR;
				GCC_WARN_UNDECLARED_SELECTOR = YES;
				GCC_WARN_UNINITIALIZED_AUTOS = YES_AGGRESSIVE;
				GCC_WARN_UNUSED_FUNCTION = YES;
				GCC_WARN_UNUSED_VARIABLE = YES;
				IPHONEOS_DEPLOYMENT_TARGET = 16.4;
				MTL_ENABLE_DEBUG_INFO = INCLUDE_SOURCE;
				MTL_FAST_MATH = YES;
				ONLY_ACTIVE_ARCH = YES;
				SDKROOT = iphoneos;
				SWIFT_ACTIVE_COMPILATION_CONDITIONS = DEBUG;
				SWIFT_OPTIMIZATION_LEVEL = "-Onone";
			};
			name = Debug;
		};
		5F4B668B2ADA3455004FE62E /* Release */ = {
			isa = XCBuildConfiguration;
			buildSettings = {
				ALWAYS_SEARCH_USER_PATHS = NO;
				CLANG_ANALYZER_NONNULL = YES;
				CLANG_ANALYZER_NUMBER_OBJECT_CONVERSION = YES_AGGRESSIVE;
				CLANG_CXX_LANGUAGE_STANDARD = "gnu++20";
				CLANG_ENABLE_MODULES = YES;
				CLANG_ENABLE_OBJC_ARC = YES;
				CLANG_ENABLE_OBJC_WEAK = YES;
				CLANG_WARN_BLOCK_CAPTURE_AUTORELEASING = YES;
				CLANG_WARN_BOOL_CONVERSION = YES;
				CLANG_WARN_COMMA = YES;
				CLANG_WARN_CONSTANT_CONVERSION = YES;
				CLANG_WARN_DEPRECATED_OBJC_IMPLEMENTATIONS = YES;
				CLANG_WARN_DIRECT_OBJC_ISA_USAGE = YES_ERROR;
				CLANG_WARN_DOCUMENTATION_COMMENTS = YES;
				CLANG_WARN_EMPTY_BODY = YES;
				CLANG_WARN_ENUM_CONVERSION = YES;
				CLANG_WARN_INFINITE_RECURSION = YES;
				CLANG_WARN_INT_CONVERSION = YES;
				CLANG_WARN_NON_LITERAL_NULL_CONVERSION = YES;
				CLANG_WARN_OBJC_IMPLICIT_RETAIN_SELF = YES;
				CLANG_WARN_OBJC_LITERAL_CONVERSION = YES;
				CLANG_WARN_OBJC_ROOT_CLASS = YES_ERROR;
				CLANG_WARN_QUOTED_INCLUDE_IN_FRAMEWORK_HEADER = YES;
				CLANG_WARN_RANGE_LOOP_ANALYSIS = YES;
				CLANG_WARN_STRICT_PROTOTYPES = YES;
				CLANG_WARN_SUSPICIOUS_MOVE = YES;
				CLANG_WARN_UNGUARDED_AVAILABILITY = YES_AGGRESSIVE;
				CLANG_WARN_UNREACHABLE_CODE = YES;
				CLANG_WARN__DUPLICATE_METHOD_MATCH = YES;
				COPY_PHASE_STRIP = NO;
				DEBUG_INFORMATION_FORMAT = "dwarf-with-dsym";
				ENABLE_NS_ASSERTIONS = NO;
				ENABLE_STRICT_OBJC_MSGSEND = YES;
				GCC_C_LANGUAGE_STANDARD = gnu11;
				GCC_NO_COMMON_BLOCKS = YES;
				GCC_WARN_64_TO_32_BIT_CONVERSION = YES;
				GCC_WARN_ABOUT_RETURN_TYPE = YES_ERROR;
				GCC_WARN_UNDECLARED_SELECTOR = YES;
				GCC_WARN_UNINITIALIZED_AUTOS = YES_AGGRESSIVE;
				GCC_WARN_UNUSED_FUNCTION = YES;
				GCC_WARN_UNUSED_VARIABLE = YES;
				IPHONEOS_DEPLOYMENT_TARGET = 16.4;
				MTL_ENABLE_DEBUG_INFO = NO;
				MTL_FAST_MATH = YES;
				SDKROOT = iphoneos;
				SWIFT_COMPILATION_MODE = wholemodule;
				SWIFT_OPTIMIZATION_LEVEL = "-O";
				VALIDATE_PRODUCT = YES;
			};
			name = Release;
		};
		5F4B668D2ADA3455004FE62E /* Debug */ = {
			isa = XCBuildConfiguration;
			buildSettings = {
				ASSETCATALOG_COMPILER_APPICON_NAME = AppIcon;
				ASSETCATALOG_COMPILER_GLOBAL_ACCENT_COLOR_NAME = AccentColor;
				CODE_SIGN_STYLE = Automatic;
				CURRENT_PROJECT_VERSION = 1;
				GENERATE_INFOPLIST_FILE = YES;
				INFOPLIST_FILE = TodayRecode/Info.plist;
				INFOPLIST_KEY_UIApplicationSupportsIndirectInputEvents = YES;
				INFOPLIST_KEY_UILaunchStoryboardName = LaunchScreen;
				INFOPLIST_KEY_UISupportedInterfaceOrientations_iPad = "UIInterfaceOrientationPortrait UIInterfaceOrientationPortraitUpsideDown UIInterfaceOrientationLandscapeLeft UIInterfaceOrientationLandscapeRight";
				INFOPLIST_KEY_UISupportedInterfaceOrientations_iPhone = "UIInterfaceOrientationPortrait UIInterfaceOrientationLandscapeLeft UIInterfaceOrientationLandscapeRight";
				LD_RUNPATH_SEARCH_PATHS = (
					"$(inherited)",
					"@executable_path/Frameworks",
				);
				MARKETING_VERSION = 1.0;
				PRODUCT_BUNDLE_IDENTIFIER = ges.TodayRecode;
				PRODUCT_NAME = "$(TARGET_NAME)";
				SWIFT_EMIT_LOC_STRINGS = YES;
				SWIFT_VERSION = 5.0;
				TARGETED_DEVICE_FAMILY = "1,2";
			};
			name = Debug;
		};
		5F4B668E2ADA3455004FE62E /* Release */ = {
			isa = XCBuildConfiguration;
			buildSettings = {
				ASSETCATALOG_COMPILER_APPICON_NAME = AppIcon;
				ASSETCATALOG_COMPILER_GLOBAL_ACCENT_COLOR_NAME = AccentColor;
				CODE_SIGN_STYLE = Automatic;
				CURRENT_PROJECT_VERSION = 1;
				GENERATE_INFOPLIST_FILE = YES;
				INFOPLIST_FILE = TodayRecode/Info.plist;
				INFOPLIST_KEY_UIApplicationSupportsIndirectInputEvents = YES;
				INFOPLIST_KEY_UILaunchStoryboardName = LaunchScreen;
				INFOPLIST_KEY_UISupportedInterfaceOrientations_iPad = "UIInterfaceOrientationPortrait UIInterfaceOrientationPortraitUpsideDown UIInterfaceOrientationLandscapeLeft UIInterfaceOrientationLandscapeRight";
				INFOPLIST_KEY_UISupportedInterfaceOrientations_iPhone = "UIInterfaceOrientationPortrait UIInterfaceOrientationLandscapeLeft UIInterfaceOrientationLandscapeRight";
				LD_RUNPATH_SEARCH_PATHS = (
					"$(inherited)",
					"@executable_path/Frameworks",
				);
				MARKETING_VERSION = 1.0;
				PRODUCT_BUNDLE_IDENTIFIER = ges.TodayRecode;
				PRODUCT_NAME = "$(TARGET_NAME)";
				SWIFT_EMIT_LOC_STRINGS = YES;
				SWIFT_VERSION = 5.0;
				TARGETED_DEVICE_FAMILY = "1,2";
			};
			name = Release;
		};
/* End XCBuildConfiguration section */

/* Begin XCConfigurationList section */
		5F4B66732ADA3452004FE62E /* Build configuration list for PBXProject "TodayRecode" */ = {
			isa = XCConfigurationList;
			buildConfigurations = (
				5F4B668A2ADA3455004FE62E /* Debug */,
				5F4B668B2ADA3455004FE62E /* Release */,
			);
			defaultConfigurationIsVisible = 0;
			defaultConfigurationName = Release;
		};
		5F4B668C2ADA3455004FE62E /* Build configuration list for PBXNativeTarget "TodayRecode" */ = {
			isa = XCConfigurationList;
			buildConfigurations = (
				5F4B668D2ADA3455004FE62E /* Debug */,
				5F4B668E2ADA3455004FE62E /* Release */,
			);
			defaultConfigurationIsVisible = 0;
			defaultConfigurationName = Release;
		};
/* End XCConfigurationList section */

/* Begin XCRemoteSwiftPackageReference section */
		5F6EECEE2ADA70470046E686 /* XCRemoteSwiftPackageReference "firebase-ios-sdk" */ = {
			isa = XCRemoteSwiftPackageReference;
			repositoryURL = "https://github.com/firebase/firebase-ios-sdk";
			requirement = {
				kind = upToNextMajorVersion;
				minimumVersion = 10.0.0;
			};
		};
		5F7A02782ADAD00A00128DC4 /* XCRemoteSwiftPackageReference "SnapKit" */ = {
			isa = XCRemoteSwiftPackageReference;
			repositoryURL = "https://github.com/SnapKit/SnapKit";
			requirement = {
				kind = upToNextMajorVersion;
				minimumVersion = 5.0.0;
			};
		};
		5F7A027B2ADAD02B00128DC4 /* XCRemoteSwiftPackageReference "FSCalendar" */ = {
			isa = XCRemoteSwiftPackageReference;
			repositoryURL = "https://github.com/WenchaoD/FSCalendar";
			requirement = {
				kind = upToNextMajorVersion;
				minimumVersion = 2.0.0;
			};
		};
		5F7A027E2ADAD04700128DC4 /* XCRemoteSwiftPackageReference "PanModal" */ = {
			isa = XCRemoteSwiftPackageReference;
			repositoryURL = "https://github.com/slackhq/PanModal";
			requirement = {
				kind = upToNextMajorVersion;
				minimumVersion = 1.0.0;
			};
		};
		5F7A02812ADAD06D00128DC4 /* XCRemoteSwiftPackageReference "BSImagePicker" */ = {
			isa = XCRemoteSwiftPackageReference;
			repositoryURL = "https://github.com/mikaoj/BSImagePicker";
			requirement = {
				kind = upToNextMajorVersion;
				minimumVersion = 3.0.0;
			};
		};
/* End XCRemoteSwiftPackageReference section */

/* Begin XCSwiftPackageProductDependency section */
		5F6EECEF2ADA70470046E686 /* FirebaseAuth */ = {
			isa = XCSwiftPackageProductDependency;
			package = 5F6EECEE2ADA70470046E686 /* XCRemoteSwiftPackageReference "firebase-ios-sdk" */;
			productName = FirebaseAuth;
		};
		5F6EECF12ADA70470046E686 /* FirebaseDatabase */ = {
			isa = XCSwiftPackageProductDependency;
			package = 5F6EECEE2ADA70470046E686 /* XCRemoteSwiftPackageReference "firebase-ios-sdk" */;
			productName = FirebaseDatabase;
		};
		5F6EECF32ADA70470046E686 /* FirebaseFirestore */ = {
			isa = XCSwiftPackageProductDependency;
			package = 5F6EECEE2ADA70470046E686 /* XCRemoteSwiftPackageReference "firebase-ios-sdk" */;
			productName = FirebaseFirestore;
		};
		5F6EECF52ADA70470046E686 /* FirebaseStorage */ = {
			isa = XCSwiftPackageProductDependency;
			package = 5F6EECEE2ADA70470046E686 /* XCRemoteSwiftPackageReference "firebase-ios-sdk" */;
			productName = FirebaseStorage;
		};
		5F7A02792ADAD00A00128DC4 /* SnapKit */ = {
			isa = XCSwiftPackageProductDependency;
			package = 5F7A02782ADAD00A00128DC4 /* XCRemoteSwiftPackageReference "SnapKit" */;
			productName = SnapKit;
		};
		5F7A027C2ADAD02B00128DC4 /* FSCalendar */ = {
			isa = XCSwiftPackageProductDependency;
			package = 5F7A027B2ADAD02B00128DC4 /* XCRemoteSwiftPackageReference "FSCalendar" */;
			productName = FSCalendar;
		};
		5F7A027F2ADAD04700128DC4 /* PanModal */ = {
			isa = XCSwiftPackageProductDependency;
			package = 5F7A027E2ADAD04700128DC4 /* XCRemoteSwiftPackageReference "PanModal" */;
			productName = PanModal;
		};
		5F7A02822ADAD06D00128DC4 /* BSImagePicker */ = {
			isa = XCSwiftPackageProductDependency;
			package = 5F7A02812ADAD06D00128DC4 /* XCRemoteSwiftPackageReference "BSImagePicker" */;
			productName = BSImagePicker;
		};
/* End XCSwiftPackageProductDependency section */
	};
	rootObject = 5F4B66702ADA3452004FE62E /* Project object */;
}
